
Microsoft Visual Studio Solution File, Format Version 12.00
# Visual Studio Version 17
VisualStudioVersion = 17.14.36221.1 d17.14
MinimumVisualStudioVersion = 10.0.40219.1
Project("{FAE04EC0-301F-11D3-BF4B-00C04F79EFBC}") = "ZeeAcom", "ZeeAcom.csproj", "{5BA62C19-A960-483F-BB3A-3E33F8CFB43F}"
EndProject
Global
	GlobalSection(SolutionConfigurationPlatforms) = preSolution
		Debug|Any CPU = Debug|Any CPU
		Release|Any CPU = Release|Any CPU
	EndGlobalSection
	GlobalSection(ProjectConfigurationPlatforms) = postSolution
		{5BA62C19-A960-483F-BB3A-3E33F8CFB43F}.Debug|Any CPU.ActiveCfg = Debug|Any CPU
		{5BA62C19-A960-483F-BB3A-3E33F8CFB43F}.Debug|Any CPU.Build.0 = Debug|Any CPU
		{5BA62C19-A960-483F-BB3A-3E33F8CFB43F}.Release|Any CPU.ActiveCfg = Release|Any CPU
		{5BA62C19-A960-483F-BB3A-3E33F8CFB43F}.Release|Any CPU.Build.0 = Release|Any CPU
	EndGlobalSection
	GlobalSection(SolutionProperties) = preSolution
		HideSolutionNode = FALSE
	EndGlobalSection
	GlobalSection(ExtensibilityGlobals) = postSolution
		SolutionGuid = {6EF750AA-9E67-4F9C-823D-B7CC1C88A219}
	EndGlobalSection
EndGlobal
